
Microsoft Visual Studio Solution File, Format Version 12.00
# Visual Studio Version 16
VisualStudioVersion = 16.0.29102.190
MinimumVisualStudioVersion = 10.0.40219.1
Project("{FAE04EC0-301F-11D3-BF4B-00C04F79EFBC}") = "EntityFramework", "EntityFramework\EntityFramework.csproj", "{8C38CDCA-6F5E-423F-9517-59D17B302B09}"
EndProject
Global
	GlobalSection(SolutionConfigurationPlatforms) = preSolution
		Debug|Any CPU = Debug|Any CPU
		Release|Any CPU = Release|Any CPU
	EndGlobalSection
	GlobalSection(ProjectConfigurationPlatforms) = postSolution
		{8C38CDCA-6F5E-423F-9517-59D17B302B09}.Debug|Any CPU.ActiveCfg = Debug|Any CPU
		{8C38CDCA-6F5E-423F-9517-59D17B302B09}.Debug|Any CPU.Build.0 = Debug|Any CPU
		{8C38CDCA-6F5E-423F-9517-59D17B302B09}.Release|Any CPU.ActiveCfg = Release|Any CPU
		{8C38CDCA-6F5E-423F-9517-59D17B302B09}.Release|Any CPU.Build.0 = Release|Any CPU
	EndGlobalSection
	GlobalSection(SolutionProperties) = preSolution
		HideSolutionNode = FALSE
	EndGlobalSection
	GlobalSection(ExtensibilityGlobals) = postSolution
		SolutionGuid = {A5F0BF83-F789-4F06-B58B-0F6E5BCFED36}
	EndGlobalSection
EndGlobal
